
Microsoft Visual Studio Solution File, Format Version 12.00
# Visual Studio 14
VisualStudioVersion = 14.0.25420.1
MinimumVisualStudioVersion = 10.0.40219.1
Project("{FAE04EC0-301F-11D3-BF4B-00C04F79EFBC}") = "WUI", "WUI\WUI.csproj", "{23E782BB-B811-4905-A8CC-F50D7FD218B8}"
EndProject
Project("{FAE04EC0-301F-11D3-BF4B-00C04F79EFBC}") = "BLL", "Sapin\BLL.csproj", "{EE7C3CB3-AC46-41A6-ADB4-4C394E79D0CC}"
EndProject
Global
	GlobalSection(SolutionConfigurationPlatforms) = preSolution
		Debug|Any CPU = Debug|Any CPU
		Release|Any CPU = Release|Any CPU
	EndGlobalSection
	GlobalSection(ProjectConfigurationPlatforms) = postSolution
		{23E782BB-B811-4905-A8CC-F50D7FD218B8}.Debug|Any CPU.ActiveCfg = Debug|Any CPU
		{23E782BB-B811-4905-A8CC-F50D7FD218B8}.Debug|Any CPU.Build.0 = Debug|Any CPU
		{23E782BB-B811-4905-A8CC-F50D7FD218B8}.Release|Any CPU.ActiveCfg = Release|Any CPU
		{23E782BB-B811-4905-A8CC-F50D7FD218B8}.Release|Any CPU.Build.0 = Release|Any CPU
		{EE7C3CB3-AC46-41A6-ADB4-4C394E79D0CC}.Debug|Any CPU.ActiveCfg = Debug|Any CPU
		{EE7C3CB3-AC46-41A6-ADB4-4C394E79D0CC}.Debug|Any CPU.Build.0 = Debug|Any CPU
		{EE7C3CB3-AC46-41A6-ADB4-4C394E79D0CC}.Release|Any CPU.ActiveCfg = Release|Any CPU
		{EE7C3CB3-AC46-41A6-ADB4-4C394E79D0CC}.Release|Any CPU.Build.0 = Release|Any CPU
	EndGlobalSection
	GlobalSection(SolutionProperties) = preSolution
		HideSolutionNode = FALSE
	EndGlobalSection
EndGlobal
