
Microsoft Visual Studio Solution File, Format Version 12.00
# Visual Studio 14
VisualStudioVersion = 14.0.25420.1
MinimumVisualStudioVersion = 10.0.40219.1
Project("{FAE04EC0-301F-11D3-BF4B-00C04F79EFBC}") = "VigenereConsole", "VigenereConsole\VigenereConsole.csproj", "{96B0C1CF-EB45-45F8-95C8-D82118317EB0}"
EndProject
Project("{FAE04EC0-301F-11D3-BF4B-00C04F79EFBC}") = "BLL", "ClassLibrary1\BLL.csproj", "{3B78729A-AB82-4E4F-A85E-B346A23CC594}"
EndProject
Project("{FAE04EC0-301F-11D3-BF4B-00C04F79EFBC}") = "WUIVigenere", "WUIVigenere\WUIVigenere.csproj", "{F0532DF7-3338-4DB9-89FD-082BF9AA80E9}"
EndProject
Global
	GlobalSection(SolutionConfigurationPlatforms) = preSolution
		Debug|Any CPU = Debug|Any CPU
		Release|Any CPU = Release|Any CPU
	EndGlobalSection
	GlobalSection(ProjectConfigurationPlatforms) = postSolution
		{96B0C1CF-EB45-45F8-95C8-D82118317EB0}.Debug|Any CPU.ActiveCfg = Debug|Any CPU
		{96B0C1CF-EB45-45F8-95C8-D82118317EB0}.Debug|Any CPU.Build.0 = Debug|Any CPU
		{96B0C1CF-EB45-45F8-95C8-D82118317EB0}.Release|Any CPU.ActiveCfg = Release|Any CPU
		{96B0C1CF-EB45-45F8-95C8-D82118317EB0}.Release|Any CPU.Build.0 = Release|Any CPU
		{3B78729A-AB82-4E4F-A85E-B346A23CC594}.Debug|Any CPU.ActiveCfg = Debug|Any CPU
		{3B78729A-AB82-4E4F-A85E-B346A23CC594}.Debug|Any CPU.Build.0 = Debug|Any CPU
		{3B78729A-AB82-4E4F-A85E-B346A23CC594}.Release|Any CPU.ActiveCfg = Release|Any CPU
		{3B78729A-AB82-4E4F-A85E-B346A23CC594}.Release|Any CPU.Build.0 = Release|Any CPU
		{F0532DF7-3338-4DB9-89FD-082BF9AA80E9}.Debug|Any CPU.ActiveCfg = Debug|Any CPU
		{F0532DF7-3338-4DB9-89FD-082BF9AA80E9}.Debug|Any CPU.Build.0 = Debug|Any CPU
		{F0532DF7-3338-4DB9-89FD-082BF9AA80E9}.Release|Any CPU.ActiveCfg = Release|Any CPU
		{F0532DF7-3338-4DB9-89FD-082BF9AA80E9}.Release|Any CPU.Build.0 = Release|Any CPU
	EndGlobalSection
	GlobalSection(SolutionProperties) = preSolution
		HideSolutionNode = FALSE
	EndGlobalSection
EndGlobal
